
Microsoft Visual Studio Solution File, Format Version 12.00
# Visual Studio Version 17
VisualStudioVersion = 17.9.34723.18
MinimumVisualStudioVersion = 10.0.40219.1
Project("{C9674DCB-5085-4A16-B785-4C70DD1589BD}") = "Data_Warehousing_A23_Group", "Data_Warehousing_A23_Group\Data_Warehousing_A23_Group.dtproj", "{3F41586E-6F52-495F-B650-54685073E818}"
EndProject
Global
	GlobalSection(SolutionConfigurationPlatforms) = preSolution
		Development|Default = Development|Default
	EndGlobalSection
	GlobalSection(ProjectConfigurationPlatforms) = postSolution
		{3F41586E-6F52-495F-B650-54685073E818}.Development|Default.ActiveCfg = Development
		{3F41586E-6F52-495F-B650-54685073E818}.Development|Default.Build.0 = Development
	EndGlobalSection
	GlobalSection(SolutionProperties) = preSolution
		HideSolutionNode = FALSE
	EndGlobalSection
	GlobalSection(ExtensibilityGlobals) = postSolution
		SolutionGuid = {7CCF377F-5CE5-424B-96AF-E4497380D5F2}
	EndGlobalSection
EndGlobal
